
Microsoft Visual Studio Solution File, Format Version 12.00
# Visual Studio Version 16
VisualStudioVersion = 16.0.31605.320
MinimumVisualStudioVersion = 10.0.40219.1
Project("{FAE04EC0-301F-11D3-BF4B-00C04F79EFBC}") = "CalculatorCommandApp", "CalculatorCommandApp\CalculatorCommandApp.csproj", "{15AF89B9-0C97-49D0-B3DC-6D3A76A2BE5F}"
EndProject
Global
	GlobalSection(SolutionConfigurationPlatforms) = preSolution
		Debug|Any CPU = Debug|Any CPU
		Release|Any CPU = Release|Any CPU
	EndGlobalSection
	GlobalSection(ProjectConfigurationPlatforms) = postSolution
		{15AF89B9-0C97-49D0-B3DC-6D3A76A2BE5F}.Debug|Any CPU.ActiveCfg = Debug|Any CPU
		{15AF89B9-0C97-49D0-B3DC-6D3A76A2BE5F}.Debug|Any CPU.Build.0 = Debug|Any CPU
		{15AF89B9-0C97-49D0-B3DC-6D3A76A2BE5F}.Release|Any CPU.ActiveCfg = Release|Any CPU
		{15AF89B9-0C97-49D0-B3DC-6D3A76A2BE5F}.Release|Any CPU.Build.0 = Release|Any CPU
	EndGlobalSection
	GlobalSection(SolutionProperties) = preSolution
		HideSolutionNode = FALSE
	EndGlobalSection
	GlobalSection(ExtensibilityGlobals) = postSolution
		SolutionGuid = {57E85BA8-227B-4A55-9E9A-EEFE15FDBF56}
	EndGlobalSection
EndGlobal
